// !$*UTF8*$!
{
	archiveVersion = 1;
	classes = {
	};
	objectVersion = 50;
	objects = {

/* Begin PBXBuildFile section */
		DF77AAAE25F40D8600EF8E59 /* AppDelegate.swift in Sources */ = {isa = PBXBuildFile; fileRef = DF77AAAD25F40D8600EF8E59 /* AppDelegate.swift */; };
		DF77AAB025F40D8600EF8E59 /* SceneDelegate.swift in Sources */ = {isa = PBXBuildFile; fileRef = DF77AAAF25F40D8600EF8E59 /* SceneDelegate.swift */; };
		DF77AAB225F40D8600EF8E59 /* ViewController.swift in Sources */ = {isa = PBXBuildFile; fileRef = DF77AAB125F40D8600EF8E59 /* ViewController.swift */; };
		DF77AAB525F40D8600EF8E59 /* Main.storyboard in Resources */ = {isa = PBXBuildFile; fileRef = DF77AAB325F40D8600EF8E59 /* Main.storyboard */; };
		DF77AAB725F40D8700EF8E59 /* Assets.xcassets in Resources */ = {isa = PBXBuildFile; fileRef = DF77AAB625F40D8700EF8E59 /* Assets.xcassets */; };
		DF77AABA25F40D8700EF8E59 /* LaunchScreen.storyboard in Resources */ = {isa = PBXBuildFile; fileRef = DF77AAB825F40D8700EF8E59 /* LaunchScreen.storyboard */; };
		DF77AAC625F410C000EF8E59 /* logo.png in Resources */ = {isa = PBXBuildFile; fileRef = DF77AAC325F410C000EF8E59 /* logo.png */; };
		DF77AAC725F410C000EF8E59 /* botaogerar-pressionado.png in Resources */ = {isa = PBXBuildFile; fileRef = DF77AAC425F410C000EF8E59 /* botaogerar-pressionado.png */; };
		DF77AAC825F410C000EF8E59 /* botaogerar.png in Resources */ = {isa = PBXBuildFile; fileRef = DF77AAC525F410C000EF8E59 /* botaogerar.png */; };
/* End PBXBuildFile section */

/* Begin PBXFileReference section */
		DF77AAAA25F40D8600EF8E59 /* Gerador Randômico.app */ = {isa = PBXFileReference; explicitFileType = wrapper.application; includeInIndex = 0; path = "Gerador Randômico.app"; sourceTree = BUILT_PRODUCTS_DIR; };
		DF77AAAD25F40D8600EF8E59 /* AppDelegate.swift */ = {isa = PBXFileReference; lastKnownFileType = sourcecode.swift; path = AppDelegate.swift; sourceTree = "<group>"; };
		DF77AAAF25F40D8600EF8E59 /* SceneDelegate.swift */ = {isa = PBXFileReference; lastKnownFileType = sourcecode.swift; path = SceneDelegate.swift; sourceTree = "<group>"; };
		DF77AAB125F40D8600EF8E59 /* ViewController.swift */ = {isa = PBXFileReference; lastKnownFileType = sourcecode.swift; path = ViewController.swift; sourceTree = "<group>"; };
		DF77AAB425F40D8600EF8E59 /* Base */ = {isa = PBXFileReference; lastKnownFileType = file.storyboard; name = Base; path = Base.lproj/Main.storyboard; sourceTree = "<group>"; };
		DF77AAB625F40D8700EF8E59 /* Assets.xcassets */ = {isa = PBXFileReference; lastKnownFileType = folder.assetcatalog; path = Assets.xcassets; sourceTree = "<group>"; };
		DF77AAB925F40D8700EF8E59 /* Base */ = {isa = PBXFileReference; lastKnownFileType = file.storyboard; name = Base; path = Base.lproj/LaunchScreen.storyboard; sourceTree = "<group>"; };
		DF77AABB25F40D8700EF8E59 /* Info.plist */ = {isa = PBXFileReference; lastKnownFileType = text.plist.xml; path = Info.plist; sourceTree = "<group>"; };
		DF77AAC325F410C000EF8E59 /* logo.png */ = {isa = PBXFileReference; lastKnownFileType = image.png; path = logo.png; sourceTree = "<group>"; };
		DF77AAC425F410C000EF8E59 /* botaogerar-pressionado.png */ = {isa = PBXFileReference; lastKnownFileType = image.png; path = "botaogerar-pressionado.png"; sourceTree = "<group>"; };
		DF77AAC525F410C000EF8E59 /* botaogerar.png */ = {isa = PBXFileReference; lastKnownFileType = image.png; path = botaogerar.png; sourceTree = "<group>"; };
/* End PBXFileReference section */

/* Begin PBXFrameworksBuildPhase section */
		DF77AAA725F40D8600EF8E59 /* Frameworks */ = {
			isa = PBXFrameworksBuildPhase;
			buildActionMask = 2147483647;
			files = (
			);
			runOnlyForDeploymentPostprocessing = 0;
		};
/* End PBXFrameworksBuildPhase section */

/* Begin PBXGroup section */
		DF77AAA125F40D8600EF8E59 = {
			isa = PBXGroup;
			children = (
				DF77AAAC25F40D8600EF8E59 /* Gerador Randômico */,
				DF77AAAB25F40D8600EF8E59 /* Products */,
			);
			sourceTree = "<group>";
		};
		DF77AAAB25F40D8600EF8E59 /* Products */ = {
			isa = PBXGroup;
			children = (
				DF77AAAA25F40D8600EF8E59 /* Gerador Randômico.app */,
			);
			name = Products;
			sourceTree = "<group>";
		};
		DF77AAAC25F40D8600EF8E59 /* Gerador Randômico */ = {
			isa = PBXGroup;
			children = (
				DF77AAAD25F40D8600EF8E59 /* AppDelegate.swift */,
				DF77AACA25F410CF00EF8E59 /* img */,
				DF77AAAF25F40D8600EF8E59 /* SceneDelegate.swift */,
				DF77AAB125F40D8600EF8E59 /* ViewController.swift */,
				DF77AAB325F40D8600EF8E59 /* Main.storyboard */,
				DF77AAB625F40D8700EF8E59 /* Assets.xcassets */,
				DF77AAB825F40D8700EF8E59 /* LaunchScreen.storyboard */,
				DF77AABB25F40D8700EF8E59 /* Info.plist */,
			);
			path = "Gerador Randômico";
			sourceTree = "<group>";
		};
		DF77AACA25F410CF00EF8E59 /* img */ = {
			isa = PBXGroup;
			children = (
				DF77AAC425F410C000EF8E59 /* botaogerar-pressionado.png */,
				DF77AAC525F410C000EF8E59 /* botaogerar.png */,
				DF77AAC325F410C000EF8E59 /* logo.png */,
			);
			path = img;
			sourceTree = "<group>";
		};
/* End PBXGroup section */

/* Begin PBXNativeTarget section */
		DF77AAA925F40D8600EF8E59 /* Gerador Randômico */ = {
			isa = PBXNativeTarget;
			buildConfigurationList = DF77AABE25F40D8700EF8E59 /* Build configuration list for PBXNativeTarget "Gerador Randômico" */;
			buildPhases = (
				DF77AAA625F40D8600EF8E59 /* Sources */,
				DF77AAA725F40D8600EF8E59 /* Frameworks */,
				DF77AAA825F40D8600EF8E59 /* Resources */,
			);
			buildRules = (
			);
			dependencies = (
			);
			name = "Gerador Randômico";
			productName = "Gerador Randômico";
			productReference = DF77AAAA25F40D8600EF8E59 /* Gerador Randômico.app */;
			productType = "com.apple.product-type.application";
		};
/* End PBXNativeTarget section */

/* Begin PBXProject section */
		DF77AAA225F40D8600EF8E59 /* Project object */ = {
			isa = PBXProject;
			attributes = {
				LastSwiftUpdateCheck = 1240;
				LastUpgradeCheck = 1240;
				TargetAttributes = {
					DF77AAA925F40D8600EF8E59 = {
						CreatedOnToolsVersion = 12.4;
					};
				};
			};
			buildConfigurationList = DF77AAA525F40D8600EF8E59 /* Build configuration list for PBXProject "Gerador Randômico" */;
			compatibilityVersion = "Xcode 9.3";
			developmentRegion = en;
			hasScannedForEncodings = 0;
			knownRegions = (
				en,
				Base,
			);
			mainGroup = DF77AAA125F40D8600EF8E59;
			productRefGroup = DF77AAAB25F40D8600EF8E59 /* Products */;
			projectDirPath = "";
			projectRoot = "";
			targets = (
				DF77AAA925F40D8600EF8E59 /* Gerador Randômico */,
			);
		};
/* End PBXProject section */

/* Begin PBXResourcesBuildPhase section */
		DF77AAA825F40D8600EF8E59 /* Resources */ = {
			isa = PBXResourcesBuildPhase;
			buildActionMask = 2147483647;
			files = (
				DF77AAC625F410C000EF8E59 /* logo.png in Resources */,
				DF77AAC825F410C000EF8E59 /* botaogerar.png in Resources */,
				DF77AABA25F40D8700EF8E59 /* LaunchScreen.storyboard in Resources */,
				DF77AAB725F40D8700EF8E59 /* Assets.xcassets in Resources */,
				DF77AAB525F40D8600EF8E59 /* Main.storyboard in Resources */,
				DF77AAC725F410C000EF8E59 /* botaogerar-pressionado.png in Resources */,
			);
			runOnlyForDeploymentPostprocessing = 0;
		};
/* End PBXResourcesBuildPhase section */

/* Begin PBXSourcesBuildPhase section */
		DF77AAA625F40D8600EF8E59 /* Sources */ = {
			isa = PBXSourcesBuildPhase;
			buildActionMask = 2147483647;
			files = (
				DF77AAB225F40D8600EF8E59 /* ViewController.swift in Sources */,
				DF77AAAE25F40D8600EF8E59 /* AppDelegate.swift in Sources */,
				DF77AAB025F40D8600EF8E59 /* SceneDelegate.swift in Sources */,
			);
			runOnlyForDeploymentPostprocessing = 0;
		};
/* End PBXSourcesBuildPhase section */

/* Begin PBXVariantGroup section */
		DF77AAB325F40D8600EF8E59 /* Main.storyboard */ = {
			isa = PBXVariantGroup;
			children = (
				DF77AAB425F40D8600EF8E59 /* Base */,
			);
			name = Main.storyboard;
			sourceTree = "<group>";
		};
		DF77AAB825F40D8700EF8E59 /* LaunchScreen.storyboard */ = {
			isa = PBXVariantGroup;
			children = (
				DF77AAB925F40D8700EF8E59 /* Base */,
			);
			name = LaunchScreen.storyboard;
			sourceTree = "<group>";
		};
/* End PBXVariantGroup section */

/* Begin XCBuildConfiguration section */
		DF77AABC25F40D8700EF8E59 /* Debug */ = {
			isa = XCBuildConfiguration;
			buildSettings = {
				ALWAYS_SEARCH_USER_PATHS = NO;
				CLANG_ANALYZER_NONNULL = YES;
				CLANG_ANALYZER_NUMBER_OBJECT_CONVERSION = YES_AGGRESSIVE;
				CLANG_CXX_LANGUAGE_STANDARD = "gnu++14";
				CLANG_CXX_LIBRARY = "libc++";
				CLANG_ENABLE_MODULES = YES;
				CLANG_ENABLE_OBJC_ARC = YES;
				CLANG_ENABLE_OBJC_WEAK = YES;
				CLANG_WARN_BLOCK_CAPTURE_AUTORELEASING = YES;
				CLANG_WARN_BOOL_CONVERSION = YES;
				CLANG_WARN_COMMA = YES;
				CLANG_WARN_CONSTANT_CONVERSION = YES;
				CLANG_WARN_DEPRECATED_OBJC_IMPLEMENTATIONS = YES;
				CLANG_WARN_DIRECT_OBJC_ISA_USAGE = YES_ERROR;
				CLANG_WARN_DOCUMENTATION_COMMENTS = YES;
				CLANG_WARN_EMPTY_BODY = YES;
				CLANG_WARN_ENUM_CONVERSION = YES;
				CLANG_WARN_INFINITE_RECURSION = YES;
				CLANG_WARN_INT_CONVERSION = YES;
				CLANG_WARN_NON_LITERAL_NULL_CONVERSION = YES;
				CLANG_WARN_OBJC_IMPLICIT_RETAIN_SELF = YES;
				CLANG_WARN_OBJC_LITERAL_CONVERSION = YES;
				CLANG_WARN_OBJC_ROOT_CLASS = YES_ERROR;
				CLANG_WARN_QUOTED_INCLUDE_IN_FRAMEWORK_HEADER = YES;
				CLANG_WARN_RANGE_LOOP_ANALYSIS = YES;
				CLANG_WARN_STRICT_PROTOTYPES = YES;
				CLANG_WARN_SUSPICIOUS_MOVE = YES;
				CLANG_WARN_UNGUARDED_AVAILABILITY = YES_AGGRESSIVE;
				CLANG_WARN_UNREACHABLE_CODE = YES;
				CLANG_WARN__DUPLICATE_METHOD_MATCH = YES;
				COPY_PHASE_STRIP = NO;
				DEBUG_INFORMATION_FORMAT = dwarf;
				ENABLE_STRICT_OBJC_MSGSEND = YES;
				ENABLE_TESTABILITY = YES;
				GCC_C_LANGUAGE_STANDARD = gnu11;
				GCC_DYNAMIC_NO_PIC = NO;
				GCC_NO_COMMON_BLOCKS = YES;
				GCC_OPTIMIZATION_LEVEL = 0;
				GCC_PREPROCESSOR_DEFINITIONS = (
					"DEBUG=1",
					"$(inherited)",
				);
				GCC_WARN_64_TO_32_BIT_CONVERSION = YES;
				GCC_WARN_ABOUT_RETURN_TYPE = YES_ERROR;
				GCC_WARN_UNDECLARED_SELECTOR = YES;
				GCC_WARN_UNINITIALIZED_AUTOS = YES_AGGRESSIVE;
				GCC_WARN_UNUSED_FUNCTION = YES;
				GCC_WARN_UNUSED_VARIABLE = YES;
				IPHONEOS_DEPLOYMENT_TARGET = 14.4;
				MTL_ENABLE_DEBUG_INFO = INCLUDE_SOURCE;
				MTL_FAST_MATH = YES;
				ONLY_ACTIVE_ARCH = YES;
				SDKROOT = iphoneos;
				SWIFT_ACTIVE_COMPILATION_CONDITIONS = DEBUG;
				SWIFT_OPTIMIZATION_LEVEL = "-Onone";
			};
			name = Debug;
		};
		DF77AABD25F40D8700EF8E59 /* Release */ = {
			isa = XCBuildConfiguration;
			buildSettings = {
				ALWAYS_SEARCH_USER_PATHS = NO;
				CLANG_ANALYZER_NONNULL = YES;
				CLANG_ANALYZER_NUMBER_OBJECT_CONVERSION = YES_AGGRESSIVE;
				CLANG_CXX_LANGUAGE_STANDARD = "gnu++14";
				CLANG_CXX_LIBRARY = "libc++";
				CLANG_ENABLE_MODULES = YES;
				CLANG_ENABLE_OBJC_ARC = YES;
				CLANG_ENABLE_OBJC_WEAK = YES;
				CLANG_WARN_BLOCK_CAPTURE_AUTORELEASING = YES;
				CLANG_WARN_BOOL_CONVERSION = YES;
				CLANG_WARN_COMMA = YES;
				CLANG_WARN_CONSTANT_CONVERSION = YES;
				CLANG_WARN_DEPRECATED_OBJC_IMPLEMENTATIONS = YES;
				CLANG_WARN_DIRECT_OBJC_ISA_USAGE = YES_ERROR;
				CLANG_WARN_DOCUMENTATION_COMMENTS = YES;
				CLANG_WARN_EMPTY_BODY = YES;
				CLANG_WARN_ENUM_CONVERSION = YES;
				CLANG_WARN_INFINITE_RECURSION = YES;
				CLANG_WARN_INT_CONVERSION = YES;
				CLANG_WARN_NON_LITERAL_NULL_CONVERSION = YES;
				CLANG_WARN_OBJC_IMPLICIT_RETAIN_SELF = YES;
				CLANG_WARN_OBJC_LITERAL_CONVERSION = YES;
				CLANG_WARN_OBJC_ROOT_CLASS = YES_ERROR;
				CLANG_WARN_QUOTED_INCLUDE_IN_FRAMEWORK_HEADER = YES;
				CLANG_WARN_RANGE_LOOP_ANALYSIS = YES;
				CLANG_WARN_STRICT_PROTOTYPES = YES;
				CLANG_WARN_SUSPICIOUS_MOVE = YES;
				CLANG_WARN_UNGUARDED_AVAILABILITY = YES_AGGRESSIVE;
				CLANG_WARN_UNREACHABLE_CODE = YES;
				CLANG_WARN__DUPLICATE_METHOD_MATCH = YES;
				COPY_PHASE_STRIP = NO;
				DEBUG_INFORMATION_FORMAT = "dwarf-with-dsym";
				ENABLE_NS_ASSERTIONS = NO;
				ENABLE_STRICT_OBJC_MSGSEND = YES;
				GCC_C_LANGUAGE_STANDARD = gnu11;
				GCC_NO_COMMON_BLOCKS = YES;
				GCC_WARN_64_TO_32_BIT_CONVERSION = YES;
				GCC_WARN_ABOUT_RETURN_TYPE = YES_ERROR;
				GCC_WARN_UNDECLARED_SELECTOR = YES;
				GCC_WARN_UNINITIALIZED_AUTOS = YES_AGGRESSIVE;
				GCC_WARN_UNUSED_FUNCTION = YES;
				GCC_WARN_UNUSED_VARIABLE = YES;
				IPHONEOS_DEPLOYMENT_TARGET = 14.4;
				MTL_ENABLE_DEBUG_INFO = NO;
				MTL_FAST_MATH = YES;
				SDKROOT = iphoneos;
				SWIFT_COMPILATION_MODE = wholemodule;
				SWIFT_OPTIMIZATION_LEVEL = "-O";
				VALIDATE_PRODUCT = YES;
			};
			name = Release;
		};
		DF77AABF25F40D8700EF8E59 /* Debug */ = {
			isa = XCBuildConfiguration;
			buildSettings = {
				ASSETCATALOG_COMPILER_APPICON_NAME = AppIcon;
				ASSETCATALOG_COMPILER_GLOBAL_ACCENT_COLOR_NAME = AccentColor;
				CODE_SIGN_STYLE = Automatic;
				DEVELOPMENT_TEAM = 8C9UMVY9L4;
				INFOPLIST_FILE = "Gerador Randômico/Info.plist";
				LD_RUNPATH_SEARCH_PATHS = (
					"$(inherited)",
					"@executable_path/Frameworks",
				);
				PRODUCT_BUNDLE_IDENTIFIER = "caio.teste.gerador-randomico";
				PRODUCT_NAME = "$(TARGET_NAME)";
				SWIFT_VERSION = 5.0;
				TARGETED_DEVICE_FAMILY = "1,2";
			};
			name = Debug;
		};
		DF77AAC025F40D8700EF8E59 /* Release */ = {
			isa = XCBuildConfiguration;
			buildSettings = {
				ASSETCATALOG_COMPILER_APPICON_NAME = AppIcon;
				ASSETCATALOG_COMPILER_GLOBAL_ACCENT_COLOR_NAME = AccentColor;
				CODE_SIGN_STYLE = Automatic;
				DEVELOPMENT_TEAM = 8C9UMVY9L4;
				INFOPLIST_FILE = "Gerador Randômico/Info.plist";
				LD_RUNPATH_SEARCH_PATHS = (
					"$(inherited)",
					"@executable_path/Frameworks",
				);
				PRODUCT_BUNDLE_IDENTIFIER = "caio.teste.gerador-randomico";
				PRODUCT_NAME = "$(TARGET_NAME)";
				SWIFT_VERSION = 5.0;
				TARGETED_DEVICE_FAMILY = "1,2";
			};
			name = Release;
		};
/* End XCBuildConfiguration section */

/* Begin XCConfigurationList section */
		DF77AAA525F40D8600EF8E59 /* Build configuration list for PBXProject "Gerador Randômico" */ = {
			isa = XCConfigurationList;
			buildConfigurations = (
				DF77AABC25F40D8700EF8E59 /* Debug */,
				DF77AABD25F40D8700EF8E59 /* Release */,
			);
			defaultConfigurationIsVisible = 0;
			defaultConfigurationName = Release;
		};
		DF77AABE25F40D8700EF8E59 /* Build configuration list for PBXNativeTarget "Gerador Randômico" */ = {
			isa = XCConfigurationList;
			buildConfigurations = (
				DF77AABF25F40D8700EF8E59 /* Debug */,
				DF77AAC025F40D8700EF8E59 /* Release */,
			);
			defaultConfigurationIsVisible = 0;
			defaultConfigurationName = Release;
		};
/* End XCConfigurationList section */
	};
	rootObject = DF77AAA225F40D8600EF8E59 /* Project object */;
}
